// !$*UTF8*$!
{
	archiveVersion = 1;
	classes = {
	};
	objectVersion = 46;
	objects = {

/* Begin PBXBuildFile section */
		0B9E342019AC991E00274197 /* main.cpp in Sources */ = {isa = PBXBuildFile; fileRef = 0B9E341F19AC991E00274197 /* main.cpp */; };
		0B9E342A19AC994400274197 /* LocalMaximaFinder.cpp in Sources */ = {isa = PBXBuildFile; fileRef = 0B9E342819AC994400274197 /* LocalMaximaFinder.cpp */; };
/* End PBXBuildFile section */

/* Begin PBXCopyFilesBuildPhase section */
		0B9E341A19AC991D00274197 /* CopyFiles */ = {
			isa = PBXCopyFilesBuildPhase;
			buildActionMask = 2147483647;
			dstPath = /usr/share/man/man1/;
			dstSubfolderSpec = 0;
			files = (
			);
			runOnlyForDeploymentPostprocessing = 1;
		};
/* End PBXCopyFilesBuildPhase section */

/* Begin PBXFileReference section */
		0B9E341C19AC991D00274197 /* localMaximaTest */ = {isa = PBXFileReference; explicitFileType = "compiled.mach-o.executable"; includeInIndex = 0; path = localMaximaTest; sourceTree = BUILT_PRODUCTS_DIR; };
		0B9E341F19AC991E00274197 /* main.cpp */ = {isa = PBXFileReference; lastKnownFileType = sourcecode.cpp.cpp; path = main.cpp; sourceTree = "<group>"; };
		0B9E342819AC994400274197 /* LocalMaximaFinder.cpp */ = {isa = PBXFileReference; fileEncoding = 4; lastKnownFileType = sourcecode.cpp.cpp; path = LocalMaximaFinder.cpp; sourceTree = "<group>"; };
		0B9E342919AC994400274197 /* LocalMaximaFinder.h */ = {isa = PBXFileReference; fileEncoding = 4; lastKnownFileType = sourcecode.c.h; path = LocalMaximaFinder.h; sourceTree = "<group>"; };
/* End PBXFileReference section */

/* Begin PBXFrameworksBuildPhase section */
		0B9E341919AC991D00274197 /* Frameworks */ = {
			isa = PBXFrameworksBuildPhase;
			buildActionMask = 2147483647;
			files = (
			);
			runOnlyForDeploymentPostprocessing = 0;
		};
/* End PBXFrameworksBuildPhase section */

/* Begin PBXGroup section */
		0B9E341319AC991D00274197 = {
			isa = PBXGroup;
			children = (
				0B9E342819AC994400274197 /* LocalMaximaFinder.cpp */,
				0B9E342919AC994400274197 /* LocalMaximaFinder.h */,
				0B9E341E19AC991D00274197 /* localMaximaTest */,
				0B9E341D19AC991D00274197 /* Products */,
			);
			sourceTree = "<group>";
		};
		0B9E341D19AC991D00274197 /* Products */ = {
			isa = PBXGroup;
			children = (
				0B9E341C19AC991D00274197 /* localMaximaTest */,
			);
			name = Products;
			sourceTree = "<group>";
		};
		0B9E341E19AC991D00274197 /* localMaximaTest */ = {
			isa = PBXGroup;
			children = (
				0B9E341F19AC991E00274197 /* main.cpp */,
			);
			path = localMaximaTest;
			sourceTree = "<group>";
		};
/* End PBXGroup section */

/* Begin PBXNativeTarget section */
		0B9E341B19AC991D00274197 /* localMaximaTest */ = {
			isa = PBXNativeTarget;
			buildConfigurationList = 0B9E342519AC991E00274197 /* Build configuration list for PBXNativeTarget "localMaximaTest" */;
			buildPhases = (
				0B9E341819AC991D00274197 /* Sources */,
				0B9E341919AC991D00274197 /* Frameworks */,
				0B9E341A19AC991D00274197 /* CopyFiles */,
			);
			buildRules = (
			);
			dependencies = (
			);
			name = localMaximaTest;
			productName = localMaximaTest;
			productReference = 0B9E341C19AC991D00274197 /* localMaximaTest */;
			productType = "com.apple.product-type.tool";
		};
/* End PBXNativeTarget section */

/* Begin PBXProject section */
		0B9E341419AC991D00274197 /* Project object */ = {
			isa = PBXProject;
			attributes = {
				LastUpgradeCheck = 0500;
				ORGANIZATIONNAME = Yanzixu;
			};
			buildConfigurationList = 0B9E341719AC991D00274197 /* Build configuration list for PBXProject "localMaximaTest" */;
			compatibilityVersion = "Xcode 3.2";
			developmentRegion = English;
			hasScannedForEncodings = 0;
			knownRegions = (
				en,
			);
			mainGroup = 0B9E341319AC991D00274197;
			productRefGroup = 0B9E341D19AC991D00274197 /* Products */;
			projectDirPath = "";
			projectRoot = "";
			targets = (
				0B9E341B19AC991D00274197 /* localMaximaTest */,
			);
		};
/* End PBXProject section */

/* Begin PBXSourcesBuildPhase section */
		0B9E341819AC991D00274197 /* Sources */ = {
			isa = PBXSourcesBuildPhase;
			buildActionMask = 2147483647;
			files = (
				0B9E342A19AC994400274197 /* LocalMaximaFinder.cpp in Sources */,
				0B9E342019AC991E00274197 /* main.cpp in Sources */,
			);
			runOnlyForDeploymentPostprocessing = 0;
		};
/* End PBXSourcesBuildPhase section */

/* Begin XCBuildConfiguration section */
		0B9E342319AC991E00274197 /* Debug */ = {
			isa = XCBuildConfiguration;
			buildSettings = {
				ALWAYS_SEARCH_USER_PATHS = NO;
				CLANG_CXX_LANGUAGE_STANDARD = "gnu++0x";
				CLANG_CXX_LIBRARY = "libc++";
				CLANG_ENABLE_OBJC_ARC = YES;
				CLANG_WARN_BOOL_CONVERSION = YES;
				CLANG_WARN_CONSTANT_CONVERSION = YES;
				CLANG_WARN_DIRECT_OBJC_ISA_USAGE = YES_ERROR;
				CLANG_WARN_EMPTY_BODY = YES;
				CLANG_WARN_ENUM_CONVERSION = YES;
				CLANG_WARN_INT_CONVERSION = YES;
				CLANG_WARN_OBJC_ROOT_CLASS = YES_ERROR;
				CLANG_WARN__DUPLICATE_METHOD_MATCH = YES;
				COPY_PHASE_STRIP = NO;
				GCC_C_LANGUAGE_STANDARD = gnu99;
				GCC_DYNAMIC_NO_PIC = NO;
				GCC_ENABLE_OBJC_EXCEPTIONS = YES;
				GCC_OPTIMIZATION_LEVEL = 0;
				GCC_PREPROCESSOR_DEFINITIONS = (
					"DEBUG=1",
					"$(inherited)",
				);
				GCC_SYMBOLS_PRIVATE_EXTERN = NO;
				GCC_WARN_64_TO_32_BIT_CONVERSION = YES;
				GCC_WARN_ABOUT_RETURN_TYPE = YES_ERROR;
				GCC_WARN_UNDECLARED_SELECTOR = YES;
				GCC_WARN_UNINITIALIZED_AUTOS = YES;
				GCC_WARN_UNUSED_FUNCTION = YES;
				GCC_WARN_UNUSED_VARIABLE = YES;
				HEADER_SEARCH_PATHS = (
					"$(inherited)",
					/Applications/Xcode.app/Contents/Developer/Toolchains/XcodeDefault.xctoolchain/usr/include,
					/usr/local/include,
				);
				LIBRARY_SEARCH_PATHS = /usr/local/lib;
				MACOSX_DEPLOYMENT_TARGET = 10.9;
				ONLY_ACTIVE_ARCH = YES;
				OTHER_LDFLAGS = (
					"-lopencv_imgproc",
					"-lopencv_highgui",
					"-lopencv_core",
				);
				SDKROOT = macosx;
			};
			name = Debug;
		};
		0B9E342419AC991E00274197 /* Release */ = {
			isa = XCBuildConfiguration;
			buildSettings = {
				ALWAYS_SEARCH_USER_PATHS = NO;
				CLANG_CXX_LANGUAGE_STANDARD = "gnu++0x";
				CLANG_CXX_LIBRARY = "libc++";
				CLANG_ENABLE_OBJC_ARC = YES;
				CLANG_WARN_BOOL_CONVERSION = YES;
				CLANG_WARN_CONSTANT_CONVERSION = YES;
				CLANG_WARN_DIRECT_OBJC_ISA_USAGE = YES_ERROR;
				CLANG_WARN_EMPTY_BODY = YES;
				CLANG_WARN_ENUM_CONVERSION = YES;
				CLANG_WARN_INT_CONVERSION = YES;
				CLANG_WARN_OBJC_ROOT_CLASS = YES_ERROR;
				CLANG_WARN__DUPLICATE_METHOD_MATCH = YES;
				COPY_PHASE_STRIP = YES;
				DEBUG_INFORMATION_FORMAT = "dwarf-with-dsym";
				ENABLE_NS_ASSERTIONS = NO;
				GCC_C_LANGUAGE_STANDARD = gnu99;
				GCC_ENABLE_OBJC_EXCEPTIONS = YES;
				GCC_WARN_64_TO_32_BIT_CONVERSION = YES;
				GCC_WARN_ABOUT_RETURN_TYPE = YES_ERROR;
				GCC_WARN_UNDECLARED_SELECTOR = YES;
				GCC_WARN_UNINITIALIZED_AUTOS = YES;
				GCC_WARN_UNUSED_FUNCTION = YES;
				GCC_WARN_UNUSED_VARIABLE = YES;
				HEADER_SEARCH_PATHS = (
					"$(inherited)",
					/Applications/Xcode.app/Contents/Developer/Toolchains/XcodeDefault.xctoolchain/usr/include,
					/usr/local/include,
				);
				LIBRARY_SEARCH_PATHS = /usr/local/lib;
				MACOSX_DEPLOYMENT_TARGET = 10.9;
				OTHER_LDFLAGS = (
					"-lopencv_imgproc",
					"-lopencv_highgui",
					"-lopencv_core",
				);
				SDKROOT = macosx;
			};
			name = Release;
		};
		0B9E342619AC991E00274197 /* Debug */ = {
			isa = XCBuildConfiguration;
			buildSettings = {
				PRODUCT_NAME = "$(TARGET_NAME)";
			};
			name = Debug;
		};
		0B9E342719AC991E00274197 /* Release */ = {
			isa = XCBuildConfiguration;
			buildSettings = {
				PRODUCT_NAME = "$(TARGET_NAME)";
			};
			name = Release;
		};
/* End XCBuildConfiguration section */

/* Begin XCConfigurationList section */
		0B9E341719AC991D00274197 /* Build configuration list for PBXProject "localMaximaTest" */ = {
			isa = XCConfigurationList;
			buildConfigurations = (
				0B9E342319AC991E00274197 /* Debug */,
				0B9E342419AC991E00274197 /* Release */,
			);
			defaultConfigurationIsVisible = 0;
			defaultConfigurationName = Release;
		};
		0B9E342519AC991E00274197 /* Build configuration list for PBXNativeTarget "localMaximaTest" */ = {
			isa = XCConfigurationList;
			buildConfigurations = (
				0B9E342619AC991E00274197 /* Debug */,
				0B9E342719AC991E00274197 /* Release */,
			);
			defaultConfigurationIsVisible = 0;
		};
/* End XCConfigurationList section */
	};
	rootObject = 0B9E341419AC991D00274197 /* Project object */;
}
